
Microsoft Visual Studio Solution File, Format Version 12.00
# Visual Studio Version 17
VisualStudioVersion = 17.10.34902.84
MinimumVisualStudioVersion = 10.0.40219.1
Project("{FAE04EC0-301F-11D3-BF4B-00C04F79EFBC}") = "DotNet8.CqrsDesignPattern", "DotNet8.CqrsDesignPattern\DotNet8.CqrsDesignPattern.csproj", "{D705F01A-01FA-49B7-B1A9-CFEE9DC74F12}"
EndProject
Global
	GlobalSection(SolutionConfigurationPlatforms) = preSolution
		Debug|Any CPU = Debug|Any CPU
		Release|Any CPU = Release|Any CPU
	EndGlobalSection
	GlobalSection(ProjectConfigurationPlatforms) = postSolution
		{D705F01A-01FA-49B7-B1A9-CFEE9DC74F12}.Debug|Any CPU.ActiveCfg = Debug|Any CPU
		{D705F01A-01FA-49B7-B1A9-CFEE9DC74F12}.Debug|Any CPU.Build.0 = Debug|Any CPU
		{D705F01A-01FA-49B7-B1A9-CFEE9DC74F12}.Release|Any CPU.ActiveCfg = Release|Any CPU
		{D705F01A-01FA-49B7-B1A9-CFEE9DC74F12}.Release|Any CPU.Build.0 = Release|Any CPU
	EndGlobalSection
	GlobalSection(SolutionProperties) = preSolution
		HideSolutionNode = FALSE
	EndGlobalSection
	GlobalSection(ExtensibilityGlobals) = postSolution
		SolutionGuid = {AC43C8E6-1EC3-4A61-9F1C-2C2A58167079}
	EndGlobalSection
EndGlobal
